
Microsoft Visual Studio Solution File, Format Version 12.00
# Visual Studio Version 17
VisualStudioVersion = 17.5.33414.496
MinimumVisualStudioVersion = 10.0.40219.1
Project("{8BC9CEB8-8B4A-11D0-8D11-00A0C91BC942}") = "UDPclient", "UDPclient\UDPclient.vcxproj", "{3EE10E4D-A3A4-4F83-96F4-AF2AB35A9CD5}"
EndProject
Project("{8BC9CEB8-8B4A-11D0-8D11-00A0C91BC942}") = "UDPserver", "UDPserver\UDPserver.vcxproj", "{9C575DA5-C123-411F-A91F-8DC07422CA94}"
EndProject
Project("{8BC9CEB8-8B4A-11D0-8D11-00A0C91BC942}") = "TCPclient", "TCPclient\TCPclient.vcxproj", "{C3974810-DCB2-4A15-9161-BC0625BB07C2}"
EndProject
Project("{2150E333-8FDC-42A3-9474-1A3956D46DE8}") = "Solution Items", "Solution Items", "{A8E5C7CB-29E6-4228-8FA5-ACA7DC6BE178}"
	ProjectSection(SolutionItems) = preProject
		TextFile1.txt = TextFile1.txt
	EndProjectSection
EndProject
Project("{8BC9CEB8-8B4A-11D0-8D11-00A0C91BC942}") = "TCPserver", "TCPserver\TCPserver.vcxproj", "{7C6F38D0-34AA-42EF-8019-4C6363C246C3}"
EndProject
Global
	GlobalSection(SolutionConfigurationPlatforms) = preSolution
		Debug|x64 = Debug|x64
		Debug|x86 = Debug|x86
		Debug-TCPclient|x64 = Debug-TCPclient|x64
		Debug-TCPclient|x86 = Debug-TCPclient|x86
		Debug-TCPserver|x64 = Debug-TCPserver|x64
		Debug-TCPserver|x86 = Debug-TCPserver|x86
		Debug-UDPclient|x64 = Debug-UDPclient|x64
		Debug-UDPclient|x86 = Debug-UDPclient|x86
		Debug-UDPserver|x64 = Debug-UDPserver|x64
		Debug-UDPserver|x86 = Debug-UDPserver|x86
		Release|x64 = Release|x64
		Release|x86 = Release|x86
		Release-TCPclient|x64 = Release-TCPclient|x64
		Release-TCPclient|x86 = Release-TCPclient|x86
		Release-TCPserver|x64 = Release-TCPserver|x64
		Release-TCPserver|x86 = Release-TCPserver|x86
		Release-UDPclient|x64 = Release-UDPclient|x64
		Release-UDPclient|x86 = Release-UDPclient|x86
		Release-UDPserver|x64 = Release-UDPserver|x64
		Release-UDPserver|x86 = Release-UDPserver|x86
	EndGlobalSection
	GlobalSection(ProjectConfigurationPlatforms) = postSolution
		{3EE10E4D-A3A4-4F83-96F4-AF2AB35A9CD5}.Debug|x64.ActiveCfg = Debug|x64
		{3EE10E4D-A3A4-4F83-96F4-AF2AB35A9CD5}.Debug|x64.Build.0 = Debug|x64
		{3EE10E4D-A3A4-4F83-96F4-AF2AB35A9CD5}.Debug|x86.ActiveCfg = Debug|Win32
		{3EE10E4D-A3A4-4F83-96F4-AF2AB35A9CD5}.Debug|x86.Build.0 = Debug|Win32
		{3EE10E4D-A3A4-4F83-96F4-AF2AB35A9CD5}.Debug-TCPclient|x64.ActiveCfg = Debug|x64
		{3EE10E4D-A3A4-4F83-96F4-AF2AB35A9CD5}.Debug-TCPclient|x64.Build.0 = Debug|x64
		{3EE10E4D-A3A4-4F83-96F4-AF2AB35A9CD5}.Debug-TCPclient|x86.ActiveCfg = Debug|Win32
		{3EE10E4D-A3A4-4F83-96F4-AF2AB35A9CD5}.Debug-TCPclient|x86.Build.0 = Debug|Win32
		{3EE10E4D-A3A4-4F83-96F4-AF2AB35A9CD5}.Debug-TCPserver|x64.ActiveCfg = Debug|x64
		{3EE10E4D-A3A4-4F83-96F4-AF2AB35A9CD5}.Debug-TCPserver|x64.Build.0 = Debug|x64
		{3EE10E4D-A3A4-4F83-96F4-AF2AB35A9CD5}.Debug-TCPserver|x86.ActiveCfg = Debug|Win32
		{3EE10E4D-A3A4-4F83-96F4-AF2AB35A9CD5}.Debug-TCPserver|x86.Build.0 = Debug|Win32
		{3EE10E4D-A3A4-4F83-96F4-AF2AB35A9CD5}.Debug-UDPclient|x64.ActiveCfg = Debug-UDPclient|x64
		{3EE10E4D-A3A4-4F83-96F4-AF2AB35A9CD5}.Debug-UDPclient|x64.Build.0 = Debug-UDPclient|x64
		{3EE10E4D-A3A4-4F83-96F4-AF2AB35A9CD5}.Debug-UDPclient|x86.ActiveCfg = Debug|Win32
		{3EE10E4D-A3A4-4F83-96F4-AF2AB35A9CD5}.Debug-UDPclient|x86.Build.0 = Debug|Win32
		{3EE10E4D-A3A4-4F83-96F4-AF2AB35A9CD5}.Debug-UDPserver|x64.ActiveCfg = Debug|x64
		{3EE10E4D-A3A4-4F83-96F4-AF2AB35A9CD5}.Debug-UDPserver|x64.Build.0 = Debug|x64
		{3EE10E4D-A3A4-4F83-96F4-AF2AB35A9CD5}.Debug-UDPserver|x86.ActiveCfg = Debug|Win32
		{3EE10E4D-A3A4-4F83-96F4-AF2AB35A9CD5}.Debug-UDPserver|x86.Build.0 = Debug|Win32
		{3EE10E4D-A3A4-4F83-96F4-AF2AB35A9CD5}.Release|x64.ActiveCfg = Release|x64
		{3EE10E4D-A3A4-4F83-96F4-AF2AB35A9CD5}.Release|x64.Build.0 = Release|x64
		{3EE10E4D-A3A4-4F83-96F4-AF2AB35A9CD5}.Release|x86.ActiveCfg = Release|Win32
		{3EE10E4D-A3A4-4F83-96F4-AF2AB35A9CD5}.Release|x86.Build.0 = Release|Win32
		{3EE10E4D-A3A4-4F83-96F4-AF2AB35A9CD5}.Release-TCPclient|x64.ActiveCfg = Release|x64
		{3EE10E4D-A3A4-4F83-96F4-AF2AB35A9CD5}.Release-TCPclient|x64.Build.0 = Release|x64
		{3EE10E4D-A3A4-4F83-96F4-AF2AB35A9CD5}.Release-TCPclient|x86.ActiveCfg = Release|Win32
		{3EE10E4D-A3A4-4F83-96F4-AF2AB35A9CD5}.Release-TCPclient|x86.Build.0 = Release|Win32
		{3EE10E4D-A3A4-4F83-96F4-AF2AB35A9CD5}.Release-TCPserver|x64.ActiveCfg = Release|x64
		{3EE10E4D-A3A4-4F83-96F4-AF2AB35A9CD5}.Release-TCPserver|x64.Build.0 = Release|x64
		{3EE10E4D-A3A4-4F83-96F4-AF2AB35A9CD5}.Release-TCPserver|x86.ActiveCfg = Release|Win32
		{3EE10E4D-A3A4-4F83-96F4-AF2AB35A9CD5}.Release-TCPserver|x86.Build.0 = Release|Win32
		{3EE10E4D-A3A4-4F83-96F4-AF2AB35A9CD5}.Release-UDPclient|x64.ActiveCfg = Release-UDPclient|x64
		{3EE10E4D-A3A4-4F83-96F4-AF2AB35A9CD5}.Release-UDPclient|x64.Build.0 = Release-UDPclient|x64
		{3EE10E4D-A3A4-4F83-96F4-AF2AB35A9CD5}.Release-UDPclient|x86.ActiveCfg = Release|Win32
		{3EE10E4D-A3A4-4F83-96F4-AF2AB35A9CD5}.Release-UDPclient|x86.Build.0 = Release|Win32
		{3EE10E4D-A3A4-4F83-96F4-AF2AB35A9CD5}.Release-UDPserver|x64.ActiveCfg = Release|x64
		{3EE10E4D-A3A4-4F83-96F4-AF2AB35A9CD5}.Release-UDPserver|x64.Build.0 = Release|x64
		{3EE10E4D-A3A4-4F83-96F4-AF2AB35A9CD5}.Release-UDPserver|x86.ActiveCfg = Release|Win32
		{3EE10E4D-A3A4-4F83-96F4-AF2AB35A9CD5}.Release-UDPserver|x86.Build.0 = Release|Win32
		{9C575DA5-C123-411F-A91F-8DC07422CA94}.Debug|x64.ActiveCfg = Debug|x64
		{9C575DA5-C123-411F-A91F-8DC07422CA94}.Debug|x64.Build.0 = Debug|x64
		{9C575DA5-C123-411F-A91F-8DC07422CA94}.Debug|x86.ActiveCfg = Debug|Win32
		{9C575DA5-C123-411F-A91F-8DC07422CA94}.Debug|x86.Build.0 = Debug|Win32
		{9C575DA5-C123-411F-A91F-8DC07422CA94}.Debug-TCPclient|x64.ActiveCfg = Debug|x64
		{9C575DA5-C123-411F-A91F-8DC07422CA94}.Debug-TCPclient|x64.Build.0 = Debug|x64
		{9C575DA5-C123-411F-A91F-8DC07422CA94}.Debug-TCPclient|x86.ActiveCfg = Debug|Win32
		{9C575DA5-C123-411F-A91F-8DC07422CA94}.Debug-TCPclient|x86.Build.0 = Debug|Win32
		{9C575DA5-C123-411F-A91F-8DC07422CA94}.Debug-TCPserver|x64.ActiveCfg = Debug|x64
		{9C575DA5-C123-411F-A91F-8DC07422CA94}.Debug-TCPserver|x64.Build.0 = Debug|x64
		{9C575DA5-C123-411F-A91F-8DC07422CA94}.Debug-TCPserver|x86.ActiveCfg = Debug|Win32
		{9C575DA5-C123-411F-A91F-8DC07422CA94}.Debug-TCPserver|x86.Build.0 = Debug|Win32
		{9C575DA5-C123-411F-A91F-8DC07422CA94}.Debug-UDPclient|x64.ActiveCfg = Debug|x64
		{9C575DA5-C123-411F-A91F-8DC07422CA94}.Debug-UDPclient|x64.Build.0 = Debug|x64
		{9C575DA5-C123-411F-A91F-8DC07422CA94}.Debug-UDPclient|x86.ActiveCfg = Debug|Win32
		{9C575DA5-C123-411F-A91F-8DC07422CA94}.Debug-UDPclient|x86.Build.0 = Debug|Win32
		{9C575DA5-C123-411F-A91F-8DC07422CA94}.Debug-UDPserver|x64.ActiveCfg = Debug-UDPserver|x64
		{9C575DA5-C123-411F-A91F-8DC07422CA94}.Debug-UDPserver|x64.Build.0 = Debug-UDPserver|x64
		{9C575DA5-C123-411F-A91F-8DC07422CA94}.Debug-UDPserver|x86.ActiveCfg = Debug|Win32
		{9C575DA5-C123-411F-A91F-8DC07422CA94}.Debug-UDPserver|x86.Build.0 = Debug|Win32
		{9C575DA5-C123-411F-A91F-8DC07422CA94}.Release|x64.ActiveCfg = Release|x64
		{9C575DA5-C123-411F-A91F-8DC07422CA94}.Release|x64.Build.0 = Release|x64
		{9C575DA5-C123-411F-A91F-8DC07422CA94}.Release|x86.ActiveCfg = Release|Win32
		{9C575DA5-C123-411F-A91F-8DC07422CA94}.Release|x86.Build.0 = Release|Win32
		{9C575DA5-C123-411F-A91F-8DC07422CA94}.Release-TCPclient|x64.ActiveCfg = Release|x64
		{9C575DA5-C123-411F-A91F-8DC07422CA94}.Release-TCPclient|x64.Build.0 = Release|x64
		{9C575DA5-C123-411F-A91F-8DC07422CA94}.Release-TCPclient|x86.ActiveCfg = Release|Win32
		{9C575DA5-C123-411F-A91F-8DC07422CA94}.Release-TCPclient|x86.Build.0 = Release|Win32
		{9C575DA5-C123-411F-A91F-8DC07422CA94}.Release-TCPserver|x64.ActiveCfg = Release|x64
		{9C575DA5-C123-411F-A91F-8DC07422CA94}.Release-TCPserver|x64.Build.0 = Release|x64
		{9C575DA5-C123-411F-A91F-8DC07422CA94}.Release-TCPserver|x86.ActiveCfg = Release|Win32
		{9C575DA5-C123-411F-A91F-8DC07422CA94}.Release-TCPserver|x86.Build.0 = Release|Win32
		{9C575DA5-C123-411F-A91F-8DC07422CA94}.Release-UDPclient|x64.ActiveCfg = Release|x64
		{9C575DA5-C123-411F-A91F-8DC07422CA94}.Release-UDPclient|x64.Build.0 = Release|x64
		{9C575DA5-C123-411F-A91F-8DC07422CA94}.Release-UDPclient|x86.ActiveCfg = Release|Win32
		{9C575DA5-C123-411F-A91F-8DC07422CA94}.Release-UDPclient|x86.Build.0 = Release|Win32
		{9C575DA5-C123-411F-A91F-8DC07422CA94}.Release-UDPserver|x64.ActiveCfg = Release-UDPserver|x64
		{9C575DA5-C123-411F-A91F-8DC07422CA94}.Release-UDPserver|x64.Build.0 = Release-UDPserver|x64
		{9C575DA5-C123-411F-A91F-8DC07422CA94}.Release-UDPserver|x86.ActiveCfg = Release|Win32
		{9C575DA5-C123-411F-A91F-8DC07422CA94}.Release-UDPserver|x86.Build.0 = Release|Win32
		{C3974810-DCB2-4A15-9161-BC0625BB07C2}.Debug|x64.ActiveCfg = Debug|x64
		{C3974810-DCB2-4A15-9161-BC0625BB07C2}.Debug|x64.Build.0 = Debug|x64
		{C3974810-DCB2-4A15-9161-BC0625BB07C2}.Debug|x86.ActiveCfg = Debug|Win32
		{C3974810-DCB2-4A15-9161-BC0625BB07C2}.Debug|x86.Build.0 = Debug|Win32
		{C3974810-DCB2-4A15-9161-BC0625BB07C2}.Debug-TCPclient|x64.ActiveCfg = Debug-TCPclient|x64
		{C3974810-DCB2-4A15-9161-BC0625BB07C2}.Debug-TCPclient|x64.Build.0 = Debug-TCPclient|x64
		{C3974810-DCB2-4A15-9161-BC0625BB07C2}.Debug-TCPclient|x86.ActiveCfg = Debug|Win32
		{C3974810-DCB2-4A15-9161-BC0625BB07C2}.Debug-TCPclient|x86.Build.0 = Debug|Win32
		{C3974810-DCB2-4A15-9161-BC0625BB07C2}.Debug-TCPserver|x64.ActiveCfg = Debug|x64
		{C3974810-DCB2-4A15-9161-BC0625BB07C2}.Debug-TCPserver|x64.Build.0 = Debug|x64
		{C3974810-DCB2-4A15-9161-BC0625BB07C2}.Debug-TCPserver|x86.ActiveCfg = Debug|Win32
		{C3974810-DCB2-4A15-9161-BC0625BB07C2}.Debug-TCPserver|x86.Build.0 = Debug|Win32
		{C3974810-DCB2-4A15-9161-BC0625BB07C2}.Debug-UDPclient|x64.ActiveCfg = Debug|x64
		{C3974810-DCB2-4A15-9161-BC0625BB07C2}.Debug-UDPclient|x64.Build.0 = Debug|x64
		{C3974810-DCB2-4A15-9161-BC0625BB07C2}.Debug-UDPclient|x86.ActiveCfg = Debug|Win32
		{C3974810-DCB2-4A15-9161-BC0625BB07C2}.Debug-UDPclient|x86.Build.0 = Debug|Win32
		{C3974810-DCB2-4A15-9161-BC0625BB07C2}.Debug-UDPserver|x64.ActiveCfg = Debug|x64
		{C3974810-DCB2-4A15-9161-BC0625BB07C2}.Debug-UDPserver|x64.Build.0 = Debug|x64
		{C3974810-DCB2-4A15-9161-BC0625BB07C2}.Debug-UDPserver|x86.ActiveCfg = Debug|Win32
		{C3974810-DCB2-4A15-9161-BC0625BB07C2}.Debug-UDPserver|x86.Build.0 = Debug|Win32
		{C3974810-DCB2-4A15-9161-BC0625BB07C2}.Release|x64.ActiveCfg = Release|x64
		{C3974810-DCB2-4A15-9161-BC0625BB07C2}.Release|x64.Build.0 = Release|x64
		{C3974810-DCB2-4A15-9161-BC0625BB07C2}.Release|x86.ActiveCfg = Release|Win32
		{C3974810-DCB2-4A15-9161-BC0625BB07C2}.Release|x86.Build.0 = Release|Win32
		{C3974810-DCB2-4A15-9161-BC0625BB07C2}.Release-TCPclient|x64.ActiveCfg = Release-TCPclient|x64
		{C3974810-DCB2-4A15-9161-BC0625BB07C2}.Release-TCPclient|x64.Build.0 = Release-TCPclient|x64
		{C3974810-DCB2-4A15-9161-BC0625BB07C2}.Release-TCPclient|x86.ActiveCfg = Release|Win32
		{C3974810-DCB2-4A15-9161-BC0625BB07C2}.Release-TCPclient|x86.Build.0 = Release|Win32
		{C3974810-DCB2-4A15-9161-BC0625BB07C2}.Release-TCPserver|x64.ActiveCfg = Release|x64
		{C3974810-DCB2-4A15-9161-BC0625BB07C2}.Release-TCPserver|x64.Build.0 = Release|x64
		{C3974810-DCB2-4A15-9161-BC0625BB07C2}.Release-TCPserver|x86.ActiveCfg = Release|Win32
		{C3974810-DCB2-4A15-9161-BC0625BB07C2}.Release-TCPserver|x86.Build.0 = Release|Win32
		{C3974810-DCB2-4A15-9161-BC0625BB07C2}.Release-UDPclient|x64.ActiveCfg = Release|x64
		{C3974810-DCB2-4A15-9161-BC0625BB07C2}.Release-UDPclient|x64.Build.0 = Release|x64
		{C3974810-DCB2-4A15-9161-BC0625BB07C2}.Release-UDPclient|x86.ActiveCfg = Release|Win32
		{C3974810-DCB2-4A15-9161-BC0625BB07C2}.Release-UDPclient|x86.Build.0 = Release|Win32
		{C3974810-DCB2-4A15-9161-BC0625BB07C2}.Release-UDPserver|x64.ActiveCfg = Release|x64
		{C3974810-DCB2-4A15-9161-BC0625BB07C2}.Release-UDPserver|x64.Build.0 = Release|x64
		{C3974810-DCB2-4A15-9161-BC0625BB07C2}.Release-UDPserver|x86.ActiveCfg = Release|Win32
		{C3974810-DCB2-4A15-9161-BC0625BB07C2}.Release-UDPserver|x86.Build.0 = Release|Win32
		{7C6F38D0-34AA-42EF-8019-4C6363C246C3}.Debug|x64.ActiveCfg = Debug|x64
		{7C6F38D0-34AA-42EF-8019-4C6363C246C3}.Debug|x64.Build.0 = Debug|x64
		{7C6F38D0-34AA-42EF-8019-4C6363C246C3}.Debug|x86.ActiveCfg = Debug|Win32
		{7C6F38D0-34AA-42EF-8019-4C6363C246C3}.Debug|x86.Build.0 = Debug|Win32
		{7C6F38D0-34AA-42EF-8019-4C6363C246C3}.Debug-TCPclient|x64.ActiveCfg = Debug|x64
		{7C6F38D0-34AA-42EF-8019-4C6363C246C3}.Debug-TCPclient|x64.Build.0 = Debug|x64
		{7C6F38D0-34AA-42EF-8019-4C6363C246C3}.Debug-TCPclient|x86.ActiveCfg = Debug|Win32
		{7C6F38D0-34AA-42EF-8019-4C6363C246C3}.Debug-TCPclient|x86.Build.0 = Debug|Win32
		{7C6F38D0-34AA-42EF-8019-4C6363C246C3}.Debug-TCPserver|x64.ActiveCfg = Debug-TCPserver|x64
		{7C6F38D0-34AA-42EF-8019-4C6363C246C3}.Debug-TCPserver|x64.Build.0 = Debug-TCPserver|x64
		{7C6F38D0-34AA-42EF-8019-4C6363C246C3}.Debug-TCPserver|x86.ActiveCfg = Debug|Win32
		{7C6F38D0-34AA-42EF-8019-4C6363C246C3}.Debug-TCPserver|x86.Build.0 = Debug|Win32
		{7C6F38D0-34AA-42EF-8019-4C6363C246C3}.Debug-UDPclient|x64.ActiveCfg = Debug|x64
		{7C6F38D0-34AA-42EF-8019-4C6363C246C3}.Debug-UDPclient|x64.Build.0 = Debug|x64
		{7C6F38D0-34AA-42EF-8019-4C6363C246C3}.Debug-UDPclient|x86.ActiveCfg = Debug|Win32
		{7C6F38D0-34AA-42EF-8019-4C6363C246C3}.Debug-UDPclient|x86.Build.0 = Debug|Win32
		{7C6F38D0-34AA-42EF-8019-4C6363C246C3}.Debug-UDPserver|x64.ActiveCfg = Debug|x64
		{7C6F38D0-34AA-42EF-8019-4C6363C246C3}.Debug-UDPserver|x64.Build.0 = Debug|x64
		{7C6F38D0-34AA-42EF-8019-4C6363C246C3}.Debug-UDPserver|x86.ActiveCfg = Debug|Win32
		{7C6F38D0-34AA-42EF-8019-4C6363C246C3}.Debug-UDPserver|x86.Build.0 = Debug|Win32
		{7C6F38D0-34AA-42EF-8019-4C6363C246C3}.Release|x64.ActiveCfg = Release|x64
		{7C6F38D0-34AA-42EF-8019-4C6363C246C3}.Release|x64.Build.0 = Release|x64
		{7C6F38D0-34AA-42EF-8019-4C6363C246C3}.Release|x86.ActiveCfg = Release|Win32
		{7C6F38D0-34AA-42EF-8019-4C6363C246C3}.Release|x86.Build.0 = Release|Win32
		{7C6F38D0-34AA-42EF-8019-4C6363C246C3}.Release-TCPclient|x64.ActiveCfg = Release|x64
		{7C6F38D0-34AA-42EF-8019-4C6363C246C3}.Release-TCPclient|x64.Build.0 = Release|x64
		{7C6F38D0-34AA-42EF-8019-4C6363C246C3}.Release-TCPclient|x86.ActiveCfg = Release|Win32
		{7C6F38D0-34AA-42EF-8019-4C6363C246C3}.Release-TCPclient|x86.Build.0 = Release|Win32
		{7C6F38D0-34AA-42EF-8019-4C6363C246C3}.Release-TCPserver|x64.ActiveCfg = Release-TCPserver|x64
		{7C6F38D0-34AA-42EF-8019-4C6363C246C3}.Release-TCPserver|x64.Build.0 = Release-TCPserver|x64
		{7C6F38D0-34AA-42EF-8019-4C6363C246C3}.Release-TCPserver|x86.ActiveCfg = Release|Win32
		{7C6F38D0-34AA-42EF-8019-4C6363C246C3}.Release-TCPserver|x86.Build.0 = Release|Win32
		{7C6F38D0-34AA-42EF-8019-4C6363C246C3}.Release-UDPclient|x64.ActiveCfg = Release|x64
		{7C6F38D0-34AA-42EF-8019-4C6363C246C3}.Release-UDPclient|x64.Build.0 = Release|x64
		{7C6F38D0-34AA-42EF-8019-4C6363C246C3}.Release-UDPclient|x86.ActiveCfg = Release|Win32
		{7C6F38D0-34AA-42EF-8019-4C6363C246C3}.Release-UDPclient|x86.Build.0 = Release|Win32
		{7C6F38D0-34AA-42EF-8019-4C6363C246C3}.Release-UDPserver|x64.ActiveCfg = Release|x64
		{7C6F38D0-34AA-42EF-8019-4C6363C246C3}.Release-UDPserver|x64.Build.0 = Release|x64
		{7C6F38D0-34AA-42EF-8019-4C6363C246C3}.Release-UDPserver|x86.ActiveCfg = Release|Win32
		{7C6F38D0-34AA-42EF-8019-4C6363C246C3}.Release-UDPserver|x86.Build.0 = Release|Win32
	EndGlobalSection
	GlobalSection(SolutionProperties) = preSolution
		HideSolutionNode = FALSE
	EndGlobalSection
	GlobalSection(ExtensibilityGlobals) = postSolution
		SolutionGuid = {AFA1269A-8629-44CA-88ED-2E39FB21A764}
	EndGlobalSection
EndGlobal
